{
  "name": "@shapeshift-labs/frontier-swarm-codex",
  "version": "0.5.65",
  "lockfileVersion": 3,
  "requires": true,
  "packages": {
    "": {
      "name": "@shapeshift-labs/frontier-swarm-codex",
      "version": "0.5.65",
      "license": "MIT",
      "dependencies": {
        "@shapeshift-labs/frontier-swarm": "0.5.18"
      },
      "bin": {
        "frontier-swarm": "dist/cli.js",
        "frontier-swarm-codex": "dist/cli.js"
      },
      "devDependencies": {
        "@types/node": "^25.9.1",
        "typescript": "^6.0.3"
      },
      "engines": {
        "node": ">=18"
      },
      "optionalDependencies": {
        "@shapeshift-labs/frontier-lang": "0.4.56"
      }
    },
    "node_modules/@shapeshift-labs/frontier": {
      "version": "0.1.9",
      "resolved": "https://registry.npmjs.org/@shapeshift-labs/frontier/-/frontier-0.1.9.tgz",
      "integrity": "sha512-uAPS5NL7Rfrq+w/9zDETcE7S4aHYvIFI+v7pt+z6eE2UwnFoYh8NxZKS1ueelZThqp7743JdvCzAarUoDn/SSA==",
      "license": "MIT",
      "engines": {
        "node": ">=18"
      }
    },
    "node_modules/@shapeshift-labs/frontier-lang": {
      "version": "0.4.56",
      "resolved": "https://registry.npmjs.org/@shapeshift-labs/frontier-lang/-/frontier-lang-0.4.56.tgz",
      "integrity": "sha512-qCpm3lBy4fG1Y8AB49U7nPKth8KTLXjzqanJNgj5QzI96SgqyjCyc6h8bSocrWNlsLEUTC+covEL2WQLA1SNCA==",
      "license": "MIT",
      "optional": true,
      "dependencies": {
        "@shapeshift-labs/frontier-lang-c": "0.2.8",
        "@shapeshift-labs/frontier-lang-checker": "0.3.7",
        "@shapeshift-labs/frontier-lang-clang": "0.1.10",
        "@shapeshift-labs/frontier-lang-compiler": "0.2.68",
        "@shapeshift-labs/frontier-lang-csharp": "0.1.10",
        "@shapeshift-labs/frontier-lang-go": "0.1.10",
        "@shapeshift-labs/frontier-lang-java": "0.1.10",
        "@shapeshift-labs/frontier-lang-javascript": "0.2.8",
        "@shapeshift-labs/frontier-lang-kernel": "0.3.12",
        "@shapeshift-labs/frontier-lang-kotlin": "0.1.10",
        "@shapeshift-labs/frontier-lang-parser": "0.3.7",
        "@shapeshift-labs/frontier-lang-python": "0.2.8",
        "@shapeshift-labs/frontier-lang-rust": "0.2.8",
        "@shapeshift-labs/frontier-lang-swift": "0.1.10",
        "@shapeshift-labs/frontier-lang-typescript": "0.3.8"
      }
    },
    "node_modules/@shapeshift-labs/frontier-lang-c": {
      "version": "0.2.8",
      "resolved": "https://registry.npmjs.org/@shapeshift-labs/frontier-lang-c/-/frontier-lang-c-0.2.8.tgz",
      "integrity": "sha512-6JeZvh/rK3WEuS1nVKWhTsgHYfauu4ArRoZSWu5I7NsZKHeeJUQwk743Ra/krA9131DUk/bD6V2De/6C5qi/TQ==",
      "license": "MIT",
      "optional": true,
      "dependencies": {
        "@shapeshift-labs/frontier-lang-kernel": "0.3.11"
      }
    },
    "node_modules/@shapeshift-labs/frontier-lang-c/node_modules/@shapeshift-labs/frontier-lang-kernel": {
      "version": "0.3.11",
      "resolved": "https://registry.npmjs.org/@shapeshift-labs/frontier-lang-kernel/-/frontier-lang-kernel-0.3.11.tgz",
      "integrity": "sha512-GvZEkLrVfAhYxz4JayyyYgmN8VeOQl+fVYyMK7T79LWgOvQG8m8ShbKxLqF2dF3AtVBnNE5gg1RDaaeCuzGbAg==",
      "license": "MIT",
      "optional": true
    },
    "node_modules/@shapeshift-labs/frontier-lang-checker": {
      "version": "0.3.7",
      "resolved": "https://registry.npmjs.org/@shapeshift-labs/frontier-lang-checker/-/frontier-lang-checker-0.3.7.tgz",
      "integrity": "sha512-tXs6Q5esY5trwXoiqVnARvaajajo3oCu+sLEwj0o1/eUSUVx2fgprT0502qcnnajWDxAZsQTnBLdinqmVuUdtw==",
      "license": "MIT",
      "optional": true,
      "dependencies": {
        "@shapeshift-labs/frontier-lang-kernel": "0.3.11"
      }
    },
    "node_modules/@shapeshift-labs/frontier-lang-checker/node_modules/@shapeshift-labs/frontier-lang-kernel": {
      "version": "0.3.11",
      "resolved": "https://registry.npmjs.org/@shapeshift-labs/frontier-lang-kernel/-/frontier-lang-kernel-0.3.11.tgz",
      "integrity": "sha512-GvZEkLrVfAhYxz4JayyyYgmN8VeOQl+fVYyMK7T79LWgOvQG8m8ShbKxLqF2dF3AtVBnNE5gg1RDaaeCuzGbAg==",
      "license": "MIT",
      "optional": true
    },
    "node_modules/@shapeshift-labs/frontier-lang-clang": {
      "version": "0.1.10",
      "resolved": "https://registry.npmjs.org/@shapeshift-labs/frontier-lang-clang/-/frontier-lang-clang-0.1.10.tgz",
      "integrity": "sha512-Hs02rTWRhzER3JFplhYOgfvcFDbJEJLBZDfkuMbHxCaOUgFCCIyKqiVGvHFahqv4ZgOz77wm/f8xE7qNVEYcFQ==",
      "license": "MIT",
      "optional": true,
      "dependencies": {
        "@shapeshift-labs/frontier-lang-compiler": "0.2.68"
      }
    },
    "node_modules/@shapeshift-labs/frontier-lang-compiler": {
      "version": "0.2.68",
      "resolved": "https://registry.npmjs.org/@shapeshift-labs/frontier-lang-compiler/-/frontier-lang-compiler-0.2.68.tgz",
      "integrity": "sha512-6kO0La3JSMqKjvN+SWXRK3v0BfH0/B3jaZd+0GY1M+SZhfXj84DwxAqA7s206TFr8L4vQamfkgxjCTPJJc1ACw==",
      "license": "MIT",
      "optional": true,
      "dependencies": {
        "@shapeshift-labs/frontier-lang-c": "0.2.8",
        "@shapeshift-labs/frontier-lang-checker": "0.3.7",
        "@shapeshift-labs/frontier-lang-javascript": "0.2.8",
        "@shapeshift-labs/frontier-lang-kernel": "0.3.12",
        "@shapeshift-labs/frontier-lang-parser": "0.3.7",
        "@shapeshift-labs/frontier-lang-python": "0.2.8",
        "@shapeshift-labs/frontier-lang-rust": "0.2.8",
        "@shapeshift-labs/frontier-lang-typescript": "0.3.8"
      }
    },
    "node_modules/@shapeshift-labs/frontier-lang-csharp": {
      "version": "0.1.10",
      "resolved": "https://registry.npmjs.org/@shapeshift-labs/frontier-lang-csharp/-/frontier-lang-csharp-0.1.10.tgz",
      "integrity": "sha512-4wTuMh0fFKjbnZvBcRAJ+R+4idEm/DOBKDHKnyCu1cYOSQPIItiWfUaMLdhBZuGs/oPpn8LXN+Sw6KKTMIMh/w==",
      "license": "MIT",
      "optional": true,
      "dependencies": {
        "@shapeshift-labs/frontier-lang-compiler": "0.2.68"
      }
    },
    "node_modules/@shapeshift-labs/frontier-lang-go": {
      "version": "0.1.10",
      "resolved": "https://registry.npmjs.org/@shapeshift-labs/frontier-lang-go/-/frontier-lang-go-0.1.10.tgz",
      "integrity": "sha512-pXDl/47sYHOPRT/dJuD3ScYTRiN2jiIWViNi/DKFIm4ANKXaTtzkOGLHn0pMGqbVW4Et4JetTeSBJjPSIToJNQ==",
      "license": "MIT",
      "optional": true,
      "dependencies": {
        "@shapeshift-labs/frontier-lang-compiler": "0.2.68"
      }
    },
    "node_modules/@shapeshift-labs/frontier-lang-java": {
      "version": "0.1.10",
      "resolved": "https://registry.npmjs.org/@shapeshift-labs/frontier-lang-java/-/frontier-lang-java-0.1.10.tgz",
      "integrity": "sha512-iV7Itf9VihqL/fUQVSg9E1DQwX2RIo6iW75SAzL7gz2AlDEDqN3cy4qsQhtKpVsdvLvtmwEgg58MMQknBqebCw==",
      "license": "MIT",
      "optional": true,
      "dependencies": {
        "@shapeshift-labs/frontier-lang-compiler": "0.2.68"
      }
    },
    "node_modules/@shapeshift-labs/frontier-lang-javascript": {
      "version": "0.2.8",
      "resolved": "https://registry.npmjs.org/@shapeshift-labs/frontier-lang-javascript/-/frontier-lang-javascript-0.2.8.tgz",
      "integrity": "sha512-mwDby488B+w96V/rwet6FAnjKF6Tae4t1PxomVEiJ9/VBiBOKtNZxOWcUH23ZcObCzokNIbkxkO/Xv+VhONHKA==",
      "license": "MIT",
      "optional": true,
      "dependencies": {
        "@shapeshift-labs/frontier-lang-kernel": "0.3.11"
      }
    },
    "node_modules/@shapeshift-labs/frontier-lang-javascript/node_modules/@shapeshift-labs/frontier-lang-kernel": {
      "version": "0.3.11",
      "resolved": "https://registry.npmjs.org/@shapeshift-labs/frontier-lang-kernel/-/frontier-lang-kernel-0.3.11.tgz",
      "integrity": "sha512-GvZEkLrVfAhYxz4JayyyYgmN8VeOQl+fVYyMK7T79LWgOvQG8m8ShbKxLqF2dF3AtVBnNE5gg1RDaaeCuzGbAg==",
      "license": "MIT",
      "optional": true
    },
    "node_modules/@shapeshift-labs/frontier-lang-kernel": {
      "version": "0.3.12",
      "resolved": "https://registry.npmjs.org/@shapeshift-labs/frontier-lang-kernel/-/frontier-lang-kernel-0.3.12.tgz",
      "integrity": "sha512-A7qFH4A5ywTOsnyL4NwZC9ipZIV/YLTewOASmkc7vmoXgNn9k0/CTrq4wFMaCPTBSk38R4PP2a24qjL/wVGibw==",
      "license": "MIT",
      "optional": true
    },
    "node_modules/@shapeshift-labs/frontier-lang-kotlin": {
      "version": "0.1.10",
      "resolved": "https://registry.npmjs.org/@shapeshift-labs/frontier-lang-kotlin/-/frontier-lang-kotlin-0.1.10.tgz",
      "integrity": "sha512-s2vNSL/qR3kTGAVG3u4mNJBRcHiODnkFwKfB/c0c5M97iqQwV2FSzMbgodD4jBbrqb3FnSm/AFrmST0ZrvS9zQ==",
      "license": "MIT",
      "optional": true,
      "dependencies": {
        "@shapeshift-labs/frontier-lang-compiler": "0.2.68"
      }
    },
    "node_modules/@shapeshift-labs/frontier-lang-parser": {
      "version": "0.3.7",
      "resolved": "https://registry.npmjs.org/@shapeshift-labs/frontier-lang-parser/-/frontier-lang-parser-0.3.7.tgz",
      "integrity": "sha512-gmJwAAbh77aFMIx9sDMgRfLTwOa0rphe+FHZXg7ORlfnxp1/P0yXzFj4BtK80751x+iZ/j1werHJ5gFpjxr+Hw==",
      "license": "MIT",
      "optional": true,
      "dependencies": {
        "@shapeshift-labs/frontier-lang-kernel": "0.3.11"
      }
    },
    "node_modules/@shapeshift-labs/frontier-lang-parser/node_modules/@shapeshift-labs/frontier-lang-kernel": {
      "version": "0.3.11",
      "resolved": "https://registry.npmjs.org/@shapeshift-labs/frontier-lang-kernel/-/frontier-lang-kernel-0.3.11.tgz",
      "integrity": "sha512-GvZEkLrVfAhYxz4JayyyYgmN8VeOQl+fVYyMK7T79LWgOvQG8m8ShbKxLqF2dF3AtVBnNE5gg1RDaaeCuzGbAg==",
      "license": "MIT",
      "optional": true
    },
    "node_modules/@shapeshift-labs/frontier-lang-python": {
      "version": "0.2.8",
      "resolved": "https://registry.npmjs.org/@shapeshift-labs/frontier-lang-python/-/frontier-lang-python-0.2.8.tgz",
      "integrity": "sha512-wBD/Wa5bYEqLN26iWx7pP56S18uEFlKVFR2XjIAyQvq6iIrR02tjtotPjwnwri8+qp+Y0H63bNvBjIhSTsJirQ==",
      "license": "MIT",
      "optional": true,
      "dependencies": {
        "@shapeshift-labs/frontier-lang-kernel": "0.3.11"
      }
    },
    "node_modules/@shapeshift-labs/frontier-lang-python/node_modules/@shapeshift-labs/frontier-lang-kernel": {
      "version": "0.3.11",
      "resolved": "https://registry.npmjs.org/@shapeshift-labs/frontier-lang-kernel/-/frontier-lang-kernel-0.3.11.tgz",
      "integrity": "sha512-GvZEkLrVfAhYxz4JayyyYgmN8VeOQl+fVYyMK7T79LWgOvQG8m8ShbKxLqF2dF3AtVBnNE5gg1RDaaeCuzGbAg==",
      "license": "MIT",
      "optional": true
    },
    "node_modules/@shapeshift-labs/frontier-lang-rust": {
      "version": "0.2.8",
      "resolved": "https://registry.npmjs.org/@shapeshift-labs/frontier-lang-rust/-/frontier-lang-rust-0.2.8.tgz",
      "integrity": "sha512-ZJfJyiBS7YfVLpKBonTYtmPq3N9utPEDB2ACwKzr4WIViDfonDehhGQOXGQTbMnjSN0GfzdcaGMXYtNF3c7dXA==",
      "license": "MIT",
      "optional": true,
      "dependencies": {
        "@shapeshift-labs/frontier-lang-kernel": "0.3.11"
      }
    },
    "node_modules/@shapeshift-labs/frontier-lang-rust/node_modules/@shapeshift-labs/frontier-lang-kernel": {
      "version": "0.3.11",
      "resolved": "https://registry.npmjs.org/@shapeshift-labs/frontier-lang-kernel/-/frontier-lang-kernel-0.3.11.tgz",
      "integrity": "sha512-GvZEkLrVfAhYxz4JayyyYgmN8VeOQl+fVYyMK7T79LWgOvQG8m8ShbKxLqF2dF3AtVBnNE5gg1RDaaeCuzGbAg==",
      "license": "MIT",
      "optional": true
    },
    "node_modules/@shapeshift-labs/frontier-lang-swift": {
      "version": "0.1.10",
      "resolved": "https://registry.npmjs.org/@shapeshift-labs/frontier-lang-swift/-/frontier-lang-swift-0.1.10.tgz",
      "integrity": "sha512-3K5spNewH5yR63iC1/tlMEuQht41hWSaxsvHSpjleJEaewo+Jfik8tWsvwwNYuv0Vg+XWgv23KSZ5TPVeng3Eg==",
      "license": "MIT",
      "optional": true,
      "dependencies": {
        "@shapeshift-labs/frontier-lang-compiler": "0.2.68"
      }
    },
    "node_modules/@shapeshift-labs/frontier-lang-typescript": {
      "version": "0.3.8",
      "resolved": "https://registry.npmjs.org/@shapeshift-labs/frontier-lang-typescript/-/frontier-lang-typescript-0.3.8.tgz",
      "integrity": "sha512-IM86RuWt50gBxKxPWvhDJABgsZJYQJWwNnb9eBbTmKovNN658YZ2iUZAl4dNefXsStbO25NByvrUB1fVUzzzEA==",
      "license": "MIT",
      "optional": true,
      "dependencies": {
        "@shapeshift-labs/frontier-lang-kernel": "0.3.11"
      }
    },
    "node_modules/@shapeshift-labs/frontier-lang-typescript/node_modules/@shapeshift-labs/frontier-lang-kernel": {
      "version": "0.3.11",
      "resolved": "https://registry.npmjs.org/@shapeshift-labs/frontier-lang-kernel/-/frontier-lang-kernel-0.3.11.tgz",
      "integrity": "sha512-GvZEkLrVfAhYxz4JayyyYgmN8VeOQl+fVYyMK7T79LWgOvQG8m8ShbKxLqF2dF3AtVBnNE5gg1RDaaeCuzGbAg==",
      "license": "MIT",
      "optional": true
    },
    "node_modules/@shapeshift-labs/frontier-swarm": {
      "version": "0.5.18",
      "resolved": "https://registry.npmjs.org/@shapeshift-labs/frontier-swarm/-/frontier-swarm-0.5.18.tgz",
      "integrity": "sha512-wdnAG/fYQtCvxopA6IsZv1PrinHEzEaAf9crDIr1o/UEbrFg6bBfB1SxzxlGpDRA3NSJomjB1MlcDY/ka4SsZA==",
      "license": "MIT",
      "dependencies": {
        "@shapeshift-labs/frontier": "0.1.9"
      },
      "engines": {
        "node": ">=18"
      }
    },
    "node_modules/@types/node": {
      "version": "25.9.1",
      "resolved": "https://registry.npmjs.org/@types/node/-/node-25.9.1.tgz",
      "integrity": "sha512-xfrlY7UD5rMJk3ZVJP8BNzS28J36YJg+xp+LPXV1TdWxr8uMH5A860QNxYDGQe/ylDSgjxE52Q9VnO7p75tJxg==",
      "dev": true,
      "license": "MIT",
      "dependencies": {
        "undici-types": ">=7.24.0 <7.24.7"
      }
    },
    "node_modules/typescript": {
      "version": "6.0.3",
      "resolved": "https://registry.npmjs.org/typescript/-/typescript-6.0.3.tgz",
      "integrity": "sha512-y2TvuxSZPDyQakkFRPZHKFm+KKVqIisdg9/CZwm9ftvKXLP8NRWj38/ODjNbr43SsoXqNuAisEf1GdCxqWcdBw==",
      "dev": true,
      "license": "Apache-2.0",
      "bin": {
        "tsc": "bin/tsc",
        "tsserver": "bin/tsserver"
      },
      "engines": {
        "node": ">=14.17"
      }
    },
    "node_modules/undici-types": {
      "version": "7.24.6",
      "resolved": "https://registry.npmjs.org/undici-types/-/undici-types-7.24.6.tgz",
      "integrity": "sha512-WRNW+sJgj5OBN4/0JpHFqtqzhpbnV0GuB+OozA9gCL7a993SmU+1JBZCzLNxYsbMfIeDL+lTsphD5jN5N+n0zg==",
      "dev": true,
      "license": "MIT"
    }
  }
}
