{
  "name": "@shapeshift-labs/frontier-swarm-codex",
  "version": "0.5.70",
  "lockfileVersion": 3,
  "requires": true,
  "packages": {
    "": {
      "name": "@shapeshift-labs/frontier-swarm-codex",
      "version": "0.5.70",
      "license": "MIT",
      "dependencies": {
        "@shapeshift-labs/frontier-swarm": "0.5.18"
      },
      "bin": {
        "frontier-swarm": "dist/cli.js",
        "frontier-swarm-codex": "dist/cli.js"
      },
      "devDependencies": {
        "@types/node": "^25.9.1",
        "typescript": "^6.0.3"
      },
      "engines": {
        "node": ">=18"
      },
      "optionalDependencies": {
        "@shapeshift-labs/frontier-lang": "0.4.60"
      }
    },
    "node_modules/@shapeshift-labs/frontier": {
      "version": "0.1.9",
      "resolved": "https://registry.npmjs.org/@shapeshift-labs/frontier/-/frontier-0.1.9.tgz",
      "integrity": "sha512-uAPS5NL7Rfrq+w/9zDETcE7S4aHYvIFI+v7pt+z6eE2UwnFoYh8NxZKS1ueelZThqp7743JdvCzAarUoDn/SSA==",
      "license": "MIT",
      "engines": {
        "node": ">=18"
      }
    },
    "node_modules/@shapeshift-labs/frontier-lang": {
      "version": "0.4.60",
      "resolved": "https://registry.npmjs.org/@shapeshift-labs/frontier-lang/-/frontier-lang-0.4.60.tgz",
      "integrity": "sha512-gYQ/Qx0Kpp2M+CSg+pk4m3QSaETeplQoz0XCkT2oHc/L/CZePtJl2kqed3Bo9RDsEjZA8vcOJG30hT7+IOmNYA==",
      "license": "MIT",
      "optional": true,
      "dependencies": {
        "@shapeshift-labs/frontier-lang-c": "0.2.8",
        "@shapeshift-labs/frontier-lang-checker": "0.3.7",
        "@shapeshift-labs/frontier-lang-clang": "0.1.15",
        "@shapeshift-labs/frontier-lang-compiler": "0.2.74",
        "@shapeshift-labs/frontier-lang-csharp": "0.1.15",
        "@shapeshift-labs/frontier-lang-go": "0.1.15",
        "@shapeshift-labs/frontier-lang-java": "0.1.15",
        "@shapeshift-labs/frontier-lang-javascript": "0.2.8",
        "@shapeshift-labs/frontier-lang-kernel": "0.3.12",
        "@shapeshift-labs/frontier-lang-kotlin": "0.1.15",
        "@shapeshift-labs/frontier-lang-parser": "0.3.7",
        "@shapeshift-labs/frontier-lang-python": "0.2.8",
        "@shapeshift-labs/frontier-lang-rust": "0.2.8",
        "@shapeshift-labs/frontier-lang-swift": "0.1.15",
        "@shapeshift-labs/frontier-lang-typescript": "0.3.8"
      }
    },
    "node_modules/@shapeshift-labs/frontier-lang-c": {
      "version": "0.2.8",
      "resolved": "https://registry.npmjs.org/@shapeshift-labs/frontier-lang-c/-/frontier-lang-c-0.2.8.tgz",
      "integrity": "sha512-6JeZvh/rK3WEuS1nVKWhTsgHYfauu4ArRoZSWu5I7NsZKHeeJUQwk743Ra/krA9131DUk/bD6V2De/6C5qi/TQ==",
      "license": "MIT",
      "optional": true,
      "dependencies": {
        "@shapeshift-labs/frontier-lang-kernel": "0.3.11"
      }
    },
    "node_modules/@shapeshift-labs/frontier-lang-c/node_modules/@shapeshift-labs/frontier-lang-kernel": {
      "version": "0.3.11",
      "resolved": "https://registry.npmjs.org/@shapeshift-labs/frontier-lang-kernel/-/frontier-lang-kernel-0.3.11.tgz",
      "integrity": "sha512-GvZEkLrVfAhYxz4JayyyYgmN8VeOQl+fVYyMK7T79LWgOvQG8m8ShbKxLqF2dF3AtVBnNE5gg1RDaaeCuzGbAg==",
      "license": "MIT",
      "optional": true
    },
    "node_modules/@shapeshift-labs/frontier-lang-checker": {
      "version": "0.3.7",
      "resolved": "https://registry.npmjs.org/@shapeshift-labs/frontier-lang-checker/-/frontier-lang-checker-0.3.7.tgz",
      "integrity": "sha512-tXs6Q5esY5trwXoiqVnARvaajajo3oCu+sLEwj0o1/eUSUVx2fgprT0502qcnnajWDxAZsQTnBLdinqmVuUdtw==",
      "license": "MIT",
      "optional": true,
      "dependencies": {
        "@shapeshift-labs/frontier-lang-kernel": "0.3.11"
      }
    },
    "node_modules/@shapeshift-labs/frontier-lang-checker/node_modules/@shapeshift-labs/frontier-lang-kernel": {
      "version": "0.3.11",
      "resolved": "https://registry.npmjs.org/@shapeshift-labs/frontier-lang-kernel/-/frontier-lang-kernel-0.3.11.tgz",
      "integrity": "sha512-GvZEkLrVfAhYxz4JayyyYgmN8VeOQl+fVYyMK7T79LWgOvQG8m8ShbKxLqF2dF3AtVBnNE5gg1RDaaeCuzGbAg==",
      "license": "MIT",
      "optional": true
    },
    "node_modules/@shapeshift-labs/frontier-lang-clang": {
      "version": "0.1.15",
      "resolved": "https://registry.npmjs.org/@shapeshift-labs/frontier-lang-clang/-/frontier-lang-clang-0.1.15.tgz",
      "integrity": "sha512-LQj4Vp5jUC4h2JRWHRxm1NYXQ7HYLhFx5ICuze4QF7Ll42Qc8TnR3ZXYCFej73bsWzUDjEJwhGbi5jSNN3zb1A==",
      "license": "MIT",
      "optional": true,
      "dependencies": {
        "@shapeshift-labs/frontier-lang-compiler": "0.2.74"
      }
    },
    "node_modules/@shapeshift-labs/frontier-lang-compiler": {
      "version": "0.2.74",
      "resolved": "https://registry.npmjs.org/@shapeshift-labs/frontier-lang-compiler/-/frontier-lang-compiler-0.2.74.tgz",
      "integrity": "sha512-MCkXWEpGzoo5LhfvB5a9l/H+sSIxYT1wBpC/aX2RS/zlkqmdZkNj1GqJ+Mg+D+RrpSzPs0+Gt9P9cULjOoteMA==",
      "license": "MIT",
      "optional": true,
      "dependencies": {
        "@shapeshift-labs/frontier-lang-c": "0.2.8",
        "@shapeshift-labs/frontier-lang-checker": "0.3.7",
        "@shapeshift-labs/frontier-lang-javascript": "0.2.8",
        "@shapeshift-labs/frontier-lang-kernel": "0.3.12",
        "@shapeshift-labs/frontier-lang-parser": "0.3.7",
        "@shapeshift-labs/frontier-lang-python": "0.2.8",
        "@shapeshift-labs/frontier-lang-rust": "0.2.8",
        "@shapeshift-labs/frontier-lang-typescript": "0.3.8"
      }
    },
    "node_modules/@shapeshift-labs/frontier-lang-csharp": {
      "version": "0.1.15",
      "resolved": "https://registry.npmjs.org/@shapeshift-labs/frontier-lang-csharp/-/frontier-lang-csharp-0.1.15.tgz",
      "integrity": "sha512-Z9jacdRup3B77vrVir4XZkqzK3lS00A8Z8FZOSDMhKQ1Lg2Z0uyx4fMjLzn4vjgMMcGniVndvF5ZMsQa6r4krg==",
      "license": "MIT",
      "optional": true,
      "dependencies": {
        "@shapeshift-labs/frontier-lang-compiler": "0.2.74"
      }
    },
    "node_modules/@shapeshift-labs/frontier-lang-go": {
      "version": "0.1.15",
      "resolved": "https://registry.npmjs.org/@shapeshift-labs/frontier-lang-go/-/frontier-lang-go-0.1.15.tgz",
      "integrity": "sha512-waLnqvTXlSNA2N1BNl2P6gCjUMO5X6PAaUbEAf/utlx4l6A7TqQYtsKne6G2jBpCN2WTPhH2YH6siv039IhylQ==",
      "license": "MIT",
      "optional": true,
      "dependencies": {
        "@shapeshift-labs/frontier-lang-compiler": "0.2.74"
      }
    },
    "node_modules/@shapeshift-labs/frontier-lang-java": {
      "version": "0.1.15",
      "resolved": "https://registry.npmjs.org/@shapeshift-labs/frontier-lang-java/-/frontier-lang-java-0.1.15.tgz",
      "integrity": "sha512-ZTLM19lReiEMDJf6rneSadxkObr7J87/wW4yEa3S5gO5VRbqReSj2/3iwyYscV/TGC/dGyI/d/R5Z89f5DCCCA==",
      "license": "MIT",
      "optional": true,
      "dependencies": {
        "@shapeshift-labs/frontier-lang-compiler": "0.2.74"
      }
    },
    "node_modules/@shapeshift-labs/frontier-lang-javascript": {
      "version": "0.2.8",
      "resolved": "https://registry.npmjs.org/@shapeshift-labs/frontier-lang-javascript/-/frontier-lang-javascript-0.2.8.tgz",
      "integrity": "sha512-mwDby488B+w96V/rwet6FAnjKF6Tae4t1PxomVEiJ9/VBiBOKtNZxOWcUH23ZcObCzokNIbkxkO/Xv+VhONHKA==",
      "license": "MIT",
      "optional": true,
      "dependencies": {
        "@shapeshift-labs/frontier-lang-kernel": "0.3.11"
      }
    },
    "node_modules/@shapeshift-labs/frontier-lang-javascript/node_modules/@shapeshift-labs/frontier-lang-kernel": {
      "version": "0.3.11",
      "resolved": "https://registry.npmjs.org/@shapeshift-labs/frontier-lang-kernel/-/frontier-lang-kernel-0.3.11.tgz",
      "integrity": "sha512-GvZEkLrVfAhYxz4JayyyYgmN8VeOQl+fVYyMK7T79LWgOvQG8m8ShbKxLqF2dF3AtVBnNE5gg1RDaaeCuzGbAg==",
      "license": "MIT",
      "optional": true
    },
    "node_modules/@shapeshift-labs/frontier-lang-kernel": {
      "version": "0.3.12",
      "resolved": "https://registry.npmjs.org/@shapeshift-labs/frontier-lang-kernel/-/frontier-lang-kernel-0.3.12.tgz",
      "integrity": "sha512-A7qFH4A5ywTOsnyL4NwZC9ipZIV/YLTewOASmkc7vmoXgNn9k0/CTrq4wFMaCPTBSk38R4PP2a24qjL/wVGibw==",
      "license": "MIT",
      "optional": true
    },
    "node_modules/@shapeshift-labs/frontier-lang-kotlin": {
      "version": "0.1.15",
      "resolved": "https://registry.npmjs.org/@shapeshift-labs/frontier-lang-kotlin/-/frontier-lang-kotlin-0.1.15.tgz",
      "integrity": "sha512-CYjP9Ud2LVF9Itk1hkUQXtdNHn7OlcLkQOjhuHPk6NpoGsSGZz8OEFoILYhz10XyXKEmGXcsOYSV7574314Sag==",
      "license": "MIT",
      "optional": true,
      "dependencies": {
        "@shapeshift-labs/frontier-lang-compiler": "0.2.74"
      }
    },
    "node_modules/@shapeshift-labs/frontier-lang-parser": {
      "version": "0.3.7",
      "resolved": "https://registry.npmjs.org/@shapeshift-labs/frontier-lang-parser/-/frontier-lang-parser-0.3.7.tgz",
      "integrity": "sha512-gmJwAAbh77aFMIx9sDMgRfLTwOa0rphe+FHZXg7ORlfnxp1/P0yXzFj4BtK80751x+iZ/j1werHJ5gFpjxr+Hw==",
      "license": "MIT",
      "optional": true,
      "dependencies": {
        "@shapeshift-labs/frontier-lang-kernel": "0.3.11"
      }
    },
    "node_modules/@shapeshift-labs/frontier-lang-parser/node_modules/@shapeshift-labs/frontier-lang-kernel": {
      "version": "0.3.11",
      "resolved": "https://registry.npmjs.org/@shapeshift-labs/frontier-lang-kernel/-/frontier-lang-kernel-0.3.11.tgz",
      "integrity": "sha512-GvZEkLrVfAhYxz4JayyyYgmN8VeOQl+fVYyMK7T79LWgOvQG8m8ShbKxLqF2dF3AtVBnNE5gg1RDaaeCuzGbAg==",
      "license": "MIT",
      "optional": true
    },
    "node_modules/@shapeshift-labs/frontier-lang-python": {
      "version": "0.2.8",
      "resolved": "https://registry.npmjs.org/@shapeshift-labs/frontier-lang-python/-/frontier-lang-python-0.2.8.tgz",
      "integrity": "sha512-wBD/Wa5bYEqLN26iWx7pP56S18uEFlKVFR2XjIAyQvq6iIrR02tjtotPjwnwri8+qp+Y0H63bNvBjIhSTsJirQ==",
      "license": "MIT",
      "optional": true,
      "dependencies": {
        "@shapeshift-labs/frontier-lang-kernel": "0.3.11"
      }
    },
    "node_modules/@shapeshift-labs/frontier-lang-python/node_modules/@shapeshift-labs/frontier-lang-kernel": {
      "version": "0.3.11",
      "resolved": "https://registry.npmjs.org/@shapeshift-labs/frontier-lang-kernel/-/frontier-lang-kernel-0.3.11.tgz",
      "integrity": "sha512-GvZEkLrVfAhYxz4JayyyYgmN8VeOQl+fVYyMK7T79LWgOvQG8m8ShbKxLqF2dF3AtVBnNE5gg1RDaaeCuzGbAg==",
      "license": "MIT",
      "optional": true
    },
    "node_modules/@shapeshift-labs/frontier-lang-rust": {
      "version": "0.2.8",
      "resolved": "https://registry.npmjs.org/@shapeshift-labs/frontier-lang-rust/-/frontier-lang-rust-0.2.8.tgz",
      "integrity": "sha512-ZJfJyiBS7YfVLpKBonTYtmPq3N9utPEDB2ACwKzr4WIViDfonDehhGQOXGQTbMnjSN0GfzdcaGMXYtNF3c7dXA==",
      "license": "MIT",
      "optional": true,
      "dependencies": {
        "@shapeshift-labs/frontier-lang-kernel": "0.3.11"
      }
    },
    "node_modules/@shapeshift-labs/frontier-lang-rust/node_modules/@shapeshift-labs/frontier-lang-kernel": {
      "version": "0.3.11",
      "resolved": "https://registry.npmjs.org/@shapeshift-labs/frontier-lang-kernel/-/frontier-lang-kernel-0.3.11.tgz",
      "integrity": "sha512-GvZEkLrVfAhYxz4JayyyYgmN8VeOQl+fVYyMK7T79LWgOvQG8m8ShbKxLqF2dF3AtVBnNE5gg1RDaaeCuzGbAg==",
      "license": "MIT",
      "optional": true
    },
    "node_modules/@shapeshift-labs/frontier-lang-swift": {
      "version": "0.1.15",
      "resolved": "https://registry.npmjs.org/@shapeshift-labs/frontier-lang-swift/-/frontier-lang-swift-0.1.15.tgz",
      "integrity": "sha512-F9QvgzMyILDdIm8pN9DkwTkALDBs0j+B5/bildSp9bV6fJ75lmc+lPvPiaoAUuwfKlJyL5f2KdQR93YXbayxug==",
      "license": "MIT",
      "optional": true,
      "dependencies": {
        "@shapeshift-labs/frontier-lang-compiler": "0.2.74"
      }
    },
    "node_modules/@shapeshift-labs/frontier-lang-typescript": {
      "version": "0.3.8",
      "resolved": "https://registry.npmjs.org/@shapeshift-labs/frontier-lang-typescript/-/frontier-lang-typescript-0.3.8.tgz",
      "integrity": "sha512-IM86RuWt50gBxKxPWvhDJABgsZJYQJWwNnb9eBbTmKovNN658YZ2iUZAl4dNefXsStbO25NByvrUB1fVUzzzEA==",
      "license": "MIT",
      "optional": true,
      "dependencies": {
        "@shapeshift-labs/frontier-lang-kernel": "0.3.11"
      }
    },
    "node_modules/@shapeshift-labs/frontier-lang-typescript/node_modules/@shapeshift-labs/frontier-lang-kernel": {
      "version": "0.3.11",
      "resolved": "https://registry.npmjs.org/@shapeshift-labs/frontier-lang-kernel/-/frontier-lang-kernel-0.3.11.tgz",
      "integrity": "sha512-GvZEkLrVfAhYxz4JayyyYgmN8VeOQl+fVYyMK7T79LWgOvQG8m8ShbKxLqF2dF3AtVBnNE5gg1RDaaeCuzGbAg==",
      "license": "MIT",
      "optional": true
    },
    "node_modules/@shapeshift-labs/frontier-swarm": {
      "version": "0.5.18",
      "resolved": "https://registry.npmjs.org/@shapeshift-labs/frontier-swarm/-/frontier-swarm-0.5.18.tgz",
      "integrity": "sha512-wdnAG/fYQtCvxopA6IsZv1PrinHEzEaAf9crDIr1o/UEbrFg6bBfB1SxzxlGpDRA3NSJomjB1MlcDY/ka4SsZA==",
      "license": "MIT",
      "dependencies": {
        "@shapeshift-labs/frontier": "0.1.9"
      },
      "engines": {
        "node": ">=18"
      }
    },
    "node_modules/@types/node": {
      "version": "25.9.1",
      "resolved": "https://registry.npmjs.org/@types/node/-/node-25.9.1.tgz",
      "integrity": "sha512-xfrlY7UD5rMJk3ZVJP8BNzS28J36YJg+xp+LPXV1TdWxr8uMH5A860QNxYDGQe/ylDSgjxE52Q9VnO7p75tJxg==",
      "dev": true,
      "license": "MIT",
      "dependencies": {
        "undici-types": ">=7.24.0 <7.24.7"
      }
    },
    "node_modules/typescript": {
      "version": "6.0.3",
      "resolved": "https://registry.npmjs.org/typescript/-/typescript-6.0.3.tgz",
      "integrity": "sha512-y2TvuxSZPDyQakkFRPZHKFm+KKVqIisdg9/CZwm9ftvKXLP8NRWj38/ODjNbr43SsoXqNuAisEf1GdCxqWcdBw==",
      "dev": true,
      "license": "Apache-2.0",
      "bin": {
        "tsc": "bin/tsc",
        "tsserver": "bin/tsserver"
      },
      "engines": {
        "node": ">=14.17"
      }
    },
    "node_modules/undici-types": {
      "version": "7.24.6",
      "resolved": "https://registry.npmjs.org/undici-types/-/undici-types-7.24.6.tgz",
      "integrity": "sha512-WRNW+sJgj5OBN4/0JpHFqtqzhpbnV0GuB+OozA9gCL7a993SmU+1JBZCzLNxYsbMfIeDL+lTsphD5jN5N+n0zg==",
      "dev": true,
      "license": "MIT"
    }
  }
}
